
Microsoft Visual Studio Solution File, Format Version 12.00
# Visual Studio Version 16
VisualStudioVersion = 16.0.31729.503
MinimumVisualStudioVersion = 10.0.40219.1
Project("{9A19103F-16F7-4668-BE54-9A1E7A4F7556}") = "WebApp", "WebApp\WebApp.csproj", "{D1DCA589-2D55-4202-91EB-A648AE06AD8D}"
EndProject
Project("{9A19103F-16F7-4668-BE54-9A1E7A4F7556}") = "Data", "Data\Data.csproj", "{EDA4C262-140D-47EB-B39B-E7FC91E73C3D}"
EndProject
Project("{9A19103F-16F7-4668-BE54-9A1E7A4F7556}") = "Business", "Business\Business.csproj", "{0A7BF974-B41F-49C2-B33E-2315E0EE943B}"
EndProject
Project("{9A19103F-16F7-4668-BE54-9A1E7A4F7556}") = "Model", "Model\Model.csproj", "{820754E7-CDF9-4EF9-AF4B-277D6B4BA604}"
EndProject
Project("{FAE04EC0-301F-11D3-BF4B-00C04F79EFBC}") = "Api", "Api\Api.csproj", "{6F6B681A-C24C-421F-A9C4-2A59FD09E9AE}"
EndProject
Project("{2150E333-8FDC-42A3-9474-1A3956D46DE8}") = "Solution Items", "Solution Items", "{16479F41-7A1A-44E2-B8B0-57DD1850AF89}"
	ProjectSection(SolutionItems) = preProject
		.editorconfig = .editorconfig
	EndProjectSection
EndProject
Global
	GlobalSection(SolutionConfigurationPlatforms) = preSolution
		Debug|Any CPU = Debug|Any CPU
		Release|Any CPU = Release|Any CPU
	EndGlobalSection
	GlobalSection(ProjectConfigurationPlatforms) = postSolution
		{D1DCA589-2D55-4202-91EB-A648AE06AD8D}.Debug|Any CPU.ActiveCfg = Debug|Any CPU
		{D1DCA589-2D55-4202-91EB-A648AE06AD8D}.Debug|Any CPU.Build.0 = Debug|Any CPU
		{D1DCA589-2D55-4202-91EB-A648AE06AD8D}.Release|Any CPU.ActiveCfg = Release|Any CPU
		{D1DCA589-2D55-4202-91EB-A648AE06AD8D}.Release|Any CPU.Build.0 = Release|Any CPU
		{EDA4C262-140D-47EB-B39B-E7FC91E73C3D}.Debug|Any CPU.ActiveCfg = Debug|Any CPU
		{EDA4C262-140D-47EB-B39B-E7FC91E73C3D}.Debug|Any CPU.Build.0 = Debug|Any CPU
		{EDA4C262-140D-47EB-B39B-E7FC91E73C3D}.Release|Any CPU.ActiveCfg = Release|Any CPU
		{EDA4C262-140D-47EB-B39B-E7FC91E73C3D}.Release|Any CPU.Build.0 = Release|Any CPU
		{0A7BF974-B41F-49C2-B33E-2315E0EE943B}.Debug|Any CPU.ActiveCfg = Debug|Any CPU
		{0A7BF974-B41F-49C2-B33E-2315E0EE943B}.Debug|Any CPU.Build.0 = Debug|Any CPU
		{0A7BF974-B41F-49C2-B33E-2315E0EE943B}.Release|Any CPU.ActiveCfg = Release|Any CPU
		{0A7BF974-B41F-49C2-B33E-2315E0EE943B}.Release|Any CPU.Build.0 = Release|Any CPU
		{820754E7-CDF9-4EF9-AF4B-277D6B4BA604}.Debug|Any CPU.ActiveCfg = Debug|Any CPU
		{820754E7-CDF9-4EF9-AF4B-277D6B4BA604}.Debug|Any CPU.Build.0 = Debug|Any CPU
		{820754E7-CDF9-4EF9-AF4B-277D6B4BA604}.Release|Any CPU.ActiveCfg = Release|Any CPU
		{820754E7-CDF9-4EF9-AF4B-277D6B4BA604}.Release|Any CPU.Build.0 = Release|Any CPU
		{6F6B681A-C24C-421F-A9C4-2A59FD09E9AE}.Debug|Any CPU.ActiveCfg = Debug|Any CPU
		{6F6B681A-C24C-421F-A9C4-2A59FD09E9AE}.Debug|Any CPU.Build.0 = Debug|Any CPU
		{6F6B681A-C24C-421F-A9C4-2A59FD09E9AE}.Release|Any CPU.ActiveCfg = Release|Any CPU
		{6F6B681A-C24C-421F-A9C4-2A59FD09E9AE}.Release|Any CPU.Build.0 = Release|Any CPU
	EndGlobalSection
	GlobalSection(SolutionProperties) = preSolution
		HideSolutionNode = FALSE
	EndGlobalSection
	GlobalSection(ExtensibilityGlobals) = postSolution
		SolutionGuid = {A363175D-D3B4-494D-803F-8E77C8B00EE5}
	EndGlobalSection
EndGlobal
